
Microsoft Visual Studio Solution File, Format Version 12.00
# Visual Studio 15
VisualStudioVersion = 15.0.27428.1
MinimumVisualStudioVersion = 10.0.40219.1
Project("{FAE04EC0-301F-11D3-BF4B-00C04F79EFBC}") = "Examen", "Examen\Examen.csproj", "{D14FA1E0-0531-470B-A24E-5735C61B1869}"
EndProject
Global
	GlobalSection(SolutionConfigurationPlatforms) = preSolution
		Debug|Any CPU = Debug|Any CPU
		Release|Any CPU = Release|Any CPU
	EndGlobalSection
	GlobalSection(ProjectConfigurationPlatforms) = postSolution
		{D14FA1E0-0531-470B-A24E-5735C61B1869}.Debug|Any CPU.ActiveCfg = Debug|Any CPU
		{D14FA1E0-0531-470B-A24E-5735C61B1869}.Debug|Any CPU.Build.0 = Debug|Any CPU
		{D14FA1E0-0531-470B-A24E-5735C61B1869}.Release|Any CPU.ActiveCfg = Release|Any CPU
		{D14FA1E0-0531-470B-A24E-5735C61B1869}.Release|Any CPU.Build.0 = Release|Any CPU
	EndGlobalSection
	GlobalSection(SolutionProperties) = preSolution
		HideSolutionNode = FALSE
	EndGlobalSection
	GlobalSection(ExtensibilityGlobals) = postSolution
		SolutionGuid = {10DA2C15-81CB-4ABC-923D-FBE4E4D55778}
	EndGlobalSection
EndGlobal
